
Microsoft Visual Studio Solution File, Format Version 12.00
# Visual Studio 15
VisualStudioVersion = 15.0.27428.1
MinimumVisualStudioVersion = 10.0.40219.1
Project("{FAE04EC0-301F-11D3-BF4B-00C04F79EFBC}") = "automapper-debugger", "automapper-debugger\automapper-debugger.csproj", "{95E725D5-C0C3-48DC-8210-4C3549D1748D}"
EndProject
Global
	GlobalSection(SolutionConfigurationPlatforms) = preSolution
		Debug|Any CPU = Debug|Any CPU
		Release|Any CPU = Release|Any CPU
	EndGlobalSection
	GlobalSection(ProjectConfigurationPlatforms) = postSolution
		{95E725D5-C0C3-48DC-8210-4C3549D1748D}.Debug|Any CPU.ActiveCfg = Debug|Any CPU
		{95E725D5-C0C3-48DC-8210-4C3549D1748D}.Debug|Any CPU.Build.0 = Debug|Any CPU
		{95E725D5-C0C3-48DC-8210-4C3549D1748D}.Release|Any CPU.ActiveCfg = Release|Any CPU
		{95E725D5-C0C3-48DC-8210-4C3549D1748D}.Release|Any CPU.Build.0 = Release|Any CPU
	EndGlobalSection
	GlobalSection(SolutionProperties) = preSolution
		HideSolutionNode = FALSE
	EndGlobalSection
	GlobalSection(ExtensibilityGlobals) = postSolution
		SolutionGuid = {D6651E8E-31E6-4957-9811-6C45C1B1D5A2}
	EndGlobalSection
EndGlobal
